
Microsoft Visual Studio Solution File, Format Version 12.00
# Visual Studio Version 17
VisualStudioVersion = 17.4.33103.184
MinimumVisualStudioVersion = 10.0.40219.1
Project("{FAE04EC0-301F-11D3-BF4B-00C04F79EFBC}") = "TechnicalCollegeTRPO.API", "TechnicalCollegeTRPO.API\TechnicalCollegeTRPO.API.csproj", "{6AD753B9-0619-489F-B44C-F24C57B64F68}"
EndProject
Global
	GlobalSection(SolutionConfigurationPlatforms) = preSolution
		Debug|Any CPU = Debug|Any CPU
		Release|Any CPU = Release|Any CPU
	EndGlobalSection
	GlobalSection(ProjectConfigurationPlatforms) = postSolution
		{6AD753B9-0619-489F-B44C-F24C57B64F68}.Debug|Any CPU.ActiveCfg = Debug|Any CPU
		{6AD753B9-0619-489F-B44C-F24C57B64F68}.Debug|Any CPU.Build.0 = Debug|Any CPU
		{6AD753B9-0619-489F-B44C-F24C57B64F68}.Release|Any CPU.ActiveCfg = Release|Any CPU
		{6AD753B9-0619-489F-B44C-F24C57B64F68}.Release|Any CPU.Build.0 = Release|Any CPU
	EndGlobalSection
	GlobalSection(SolutionProperties) = preSolution
		HideSolutionNode = FALSE
	EndGlobalSection
	GlobalSection(ExtensibilityGlobals) = postSolution
		SolutionGuid = {32146004-3060-4810-9F19-E027871414A0}
	EndGlobalSection
EndGlobal
